
Microsoft Visual Studio Solution File, Format Version 12.00
# Visual Studio Version 17
VisualStudioVersion = 17.7.34018.315
MinimumVisualStudioVersion = 10.0.40219.1
Project("{FAE04EC0-301F-11D3-BF4B-00C04F79EFBC}") = "OurBlog", "OurBlog\OurBlog.csproj", "{40EA48DC-9ADA-4749-B08E-F9E075BB2522}"
EndProject
Global
	GlobalSection(SolutionConfigurationPlatforms) = preSolution
		Debug|Any CPU = Debug|Any CPU
		Release|Any CPU = Release|Any CPU
	EndGlobalSection
	GlobalSection(ProjectConfigurationPlatforms) = postSolution
		{40EA48DC-9ADA-4749-B08E-F9E075BB2522}.Debug|Any CPU.ActiveCfg = Debug|Any CPU
		{40EA48DC-9ADA-4749-B08E-F9E075BB2522}.Debug|Any CPU.Build.0 = Debug|Any CPU
		{40EA48DC-9ADA-4749-B08E-F9E075BB2522}.Release|Any CPU.ActiveCfg = Release|Any CPU
		{40EA48DC-9ADA-4749-B08E-F9E075BB2522}.Release|Any CPU.Build.0 = Release|Any CPU
	EndGlobalSection
	GlobalSection(SolutionProperties) = preSolution
		HideSolutionNode = FALSE
	EndGlobalSection
	GlobalSection(ExtensibilityGlobals) = postSolution
		SolutionGuid = {B1024E0B-196B-47FA-8BE7-9A6A3BAC218C}
	EndGlobalSection
EndGlobal
